# THIS IS AN AUTOGENERATED FILE. DO NOT EDIT THIS FILE DIRECTLY.
# yarn lockfile v1


config@^1.28.1:
  version "1.28.1"
  resolved "https://registry.yarnpkg.com/config/-/config-1.28.1.tgz#7625d2a1e4c90f131d8a73347982d93c3873282d"
  dependencies:
    json5 "0.4.0"
    os-homedir "1.0.2"

eventemitter3@^2.0.2:
  version "2.0.3"
  resolved "https://registry.yarnpkg.com/eventemitter3/-/eventemitter3-2.0.3.tgz#b5e1079b59fb5e1ba2771c0a993be060a58c99ba"

iconv-lite@^0.4.11:
  version "0.4.19"
  resolved "https://registry.yarnpkg.com/iconv-lite/-/iconv-lite-0.4.19.tgz#f7468f60135f5e5dad3399c0a81be9a1603a082b"

ipaddr.js@0.1.3:
  version "0.1.3"
  resolved "https://registry.yarnpkg.com/ipaddr.js/-/ipaddr.js-0.1.3.tgz#27a9ca37f148d2102b0ef191ccbf2c51a8f025c6"

irc-framework@^2.9.1:
  version "2.9.1"
  resolved "https://registry.yarnpkg.com/irc-framework/-/irc-framework-2.9.1.tgz#38f22b33e892528b385f2f787e7f3b2e0537e768"
  dependencies:
    eventemitter3 "^2.0.2"
    iconv-lite "^0.4.11"
    lodash "^3.10.1"
    middleware-handler "^0.2.0"
    socksjs "^0.5.0"

json5@0.4.0:
  version "0.4.0"
  resolved "https://registry.yarnpkg.com/json5/-/json5-0.4.0.tgz#054352e4c4c80c86c0923877d449de176a732c8d"

lodash@^3.10.1:
  version "3.10.1"
  resolved "https://registry.yarnpkg.com/lodash/-/lodash-3.10.1.tgz#5bf45e8e49ba4189e17d482789dfd15bd140b7b6"

middleware-handler@^0.2.0:
  version "0.2.0"
  resolved "https://registry.yarnpkg.com/middleware-handler/-/middleware-handler-0.2.0.tgz#bf02af7e6b577c0230609b2ae58df0e446f3fd02"

os-homedir@1.0.2:
  version "1.0.2"
  resolved "https://registry.yarnpkg.com/os-homedir/-/os-homedir-1.0.2.tgz#ffbc4988336e0e833de0c168c7ef152121aa7fb3"

socksjs@^0.5.0:
  version "0.5.0"
  resolved "https://registry.yarnpkg.com/socksjs/-/socksjs-0.5.0.tgz#77b005e32d1bfc96e560fedd5d7eedcf120f87e3"
  dependencies:
    ipaddr.js "0.1.3"
